PODS:
  - ARCoreLocation (0.1.8)

DEPENDENCIES:
  - ARCoreLocation (~> 0.1.8)

SPEC REPOS:
  https://github.com/cocoapods/specs.git:
    - ARCoreLocation

SPEC CHECKSUMS:
  ARCoreLocation: 657adf1ce2951b411684ffccf14c221bbe0e10ba

PODFILE CHECKSUM: 835be3050aa6c1f41fe235945f232514dd429187

COCOAPODS: 1.5.3
