// !$*UTF8*$!
{
	archiveVersion = 1;
	classes = {
	};
	objectVersion = 50;
	objects = {

/* Begin PBXBuildFile section */
		D423F23A21596259006C6817 /* SetMergerTests.swift in Sources */ = {isa = PBXBuildFile; fileRef = D423F23921596259006C6817 /* SetMergerTests.swift */; };
		D423F23C215962A0006C6817 /* SetMerger.swift in Sources */ = {isa = PBXBuildFile; fileRef = D4682A0E21559AF20067FE27 /* SetMerger.swift */; };
		D423F23E215968D7006C6817 /* MatrixTests.swift in Sources */ = {isa = PBXBuildFile; fileRef = D423F23D215968D7006C6817 /* MatrixTests.swift */; };
		D423F23F215969EE006C6817 /* Matrix.swift in Sources */ = {isa = PBXBuildFile; fileRef = D4682A102155AD380067FE27 /* Matrix.swift */; };
		D423F24121598A4F006C6817 /* InteractiveSceneTests.swift in Sources */ = {isa = PBXBuildFile; fileRef = D423F24021598A4F006C6817 /* InteractiveSceneTests.swift */; };
		D423F24221598A63006C6817 /* InteractiveScene.swift in Sources */ = {isa = PBXBuildFile; fileRef = D4682A0A215583310067FE27 /* InteractiveScene.swift */; };
		D423F24321598ABF006C6817 /* UIView+Ext.swift in Sources */ = {isa = PBXBuildFile; fileRef = D4682A02215579040067FE27 /* UIView+Ext.swift */; };
		D423F24421598AC1006C6817 /* CGRect+Ext.swift in Sources */ = {isa = PBXBuildFile; fileRef = D4682A0C21559A9A0067FE27 /* CGRect+Ext.swift */; };
		D423F2462159979D006C6817 /* ARLandmarkerLandmarkTests.swift in Sources */ = {isa = PBXBuildFile; fileRef = D423F2452159979D006C6817 /* ARLandmarkerLandmarkTests.swift */; };
		D423F247215997B2006C6817 /* ARLandmarker.swift in Sources */ = {isa = PBXBuildFile; fileRef = D4682A0821557C490067FE27 /* ARLandmarker.swift */; };
		D423F248215997C7006C6817 /* ARLandmarkDisplayer.swift in Sources */ = {isa = PBXBuildFile; fileRef = D4682A00215560940067FE27 /* ARLandmarkDisplayer.swift */; };
		D423F249215997E7006C6817 /* ARLandmark.swift in Sources */ = {isa = PBXBuildFile; fileRef = D4682A04215579260067FE27 /* ARLandmark.swift */; };
		D423F24A215997F0006C6817 /* OverlappingARLandmarkStrategy.swift in Sources */ = {isa = PBXBuildFile; fileRef = D4682A06215579D90067FE27 /* OverlappingARLandmarkStrategy.swift */; };
		D46829F0215548AF0067FE27 /* ARCoreLocation.framework in Frameworks */ = {isa = PBXBuildFile; fileRef = D46829E6215548AF0067FE27 /* ARCoreLocation.framework */; };
		D46829F7215548AF0067FE27 /* ARCoreLocation.h in Headers */ = {isa = PBXBuildFile; fileRef = D46829E9215548AF0067FE27 /* ARCoreLocation.h */; settings = {ATTRIBUTES = (Public, ); }; };
		D4682A01215560940067FE27 /* ARLandmarkDisplayer.swift in Sources */ = {isa = PBXBuildFile; fileRef = D4682A00215560940067FE27 /* ARLandmarkDisplayer.swift */; };
		D4682A03215579040067FE27 /* UIView+Ext.swift in Sources */ = {isa = PBXBuildFile; fileRef = D4682A02215579040067FE27 /* UIView+Ext.swift */; };
		D4682A05215579260067FE27 /* ARLandmark.swift in Sources */ = {isa = PBXBuildFile; fileRef = D4682A04215579260067FE27 /* ARLandmark.swift */; };
		D4682A07215579D90067FE27 /* OverlappingARLandmarkStrategy.swift in Sources */ = {isa = PBXBuildFile; fileRef = D4682A06215579D90067FE27 /* OverlappingARLandmarkStrategy.swift */; };
		D4682A0921557C490067FE27 /* ARLandmarker.swift in Sources */ = {isa = PBXBuildFile; fileRef = D4682A0821557C490067FE27 /* ARLandmarker.swift */; };
		D4682A0B215583310067FE27 /* InteractiveScene.swift in Sources */ = {isa = PBXBuildFile; fileRef = D4682A0A215583310067FE27 /* InteractiveScene.swift */; };
		D4682A0D21559A9A0067FE27 /* CGRect+Ext.swift in Sources */ = {isa = PBXBuildFile; fileRef = D4682A0C21559A9A0067FE27 /* CGRect+Ext.swift */; };
		D4682A0F21559AF20067FE27 /* SetMerger.swift in Sources */ = {isa = PBXBuildFile; fileRef = D4682A0E21559AF20067FE27 /* SetMerger.swift */; };
		D4682A112155AD380067FE27 /* Matrix.swift in Sources */ = {isa = PBXBuildFile; fileRef = D4682A102155AD380067FE27 /* Matrix.swift */; };
		D46EBA60215AA966003D20FC /* ARLandmarkerDelegateTests.swift in Sources */ = {isa = PBXBuildFile; fileRef = D46EBA5F215AA966003D20FC /* ARLandmarkerDelegateTests.swift */; };
/* End PBXBuildFile section */

/* Begin PBXContainerItemProxy section */
		D46829F1215548AF0067FE27 /* PBXContainerItemProxy */ = {
			isa = PBXContainerItemProxy;
			containerPortal = D46829DD215548AF0067FE27 /* Project object */;
			proxyType = 1;
			remoteGlobalIDString = D46829E5215548AF0067FE27;
			remoteInfo = ARCoreLocation;
		};
/* End PBXContainerItemProxy section */

/* Begin PBXFileReference section */
		D423F23921596259006C6817 /* SetMergerTests.swift */ = {isa = PBXFileReference; lastKnownFileType = sourcecode.swift; path = SetMergerTests.swift; sourceTree = "<group>"; };
		D423F23D215968D7006C6817 /* MatrixTests.swift */ = {isa = PBXFileReference; lastKnownFileType = sourcecode.swift; path = MatrixTests.swift; sourceTree = "<group>"; };
		D423F24021598A4F006C6817 /* InteractiveSceneTests.swift */ = {isa = PBXFileReference; lastKnownFileType = sourcecode.swift; path = InteractiveSceneTests.swift; sourceTree = "<group>"; };
		D423F2452159979D006C6817 /* ARLandmarkerLandmarkTests.swift */ = {isa = PBXFileReference; lastKnownFileType = sourcecode.swift; path = ARLandmarkerLandmarkTests.swift; sourceTree = "<group>"; };
		D46829E6215548AF0067FE27 /* ARCoreLocation.framework */ = {isa = PBXFileReference; explicitFileType = wrapper.framework; includeInIndex = 0; path = ARCoreLocation.framework; sourceTree = BUILT_PRODUCTS_DIR; };
		D46829E9215548AF0067FE27 /* ARCoreLocation.h */ = {isa = PBXFileReference; lastKnownFileType = sourcecode.c.h; path = ARCoreLocation.h; sourceTree = "<group>"; };
		D46829EA215548AF0067FE27 /* Info.plist */ = {isa = PBXFileReference; lastKnownFileType = text.plist.xml; path = Info.plist; sourceTree = "<group>"; };
		D46829EF215548AF0067FE27 /* ARCoreLocationTests.xctest */ = {isa = PBXFileReference; explicitFileType = wrapper.cfbundle; includeInIndex = 0; path = ARCoreLocationTests.xctest; sourceTree = BUILT_PRODUCTS_DIR; };
		D46829F6215548AF0067FE27 /* Info.plist */ = {isa = PBXFileReference; lastKnownFileType = text.plist.xml; path = Info.plist; sourceTree = "<group>"; };
		D4682A00215560940067FE27 /* ARLandmarkDisplayer.swift */ = {isa = PBXFileReference; lastKnownFileType = sourcecode.swift; path = ARLandmarkDisplayer.swift; sourceTree = "<group>"; };
		D4682A02215579040067FE27 /* UIView+Ext.swift */ = {isa = PBXFileReference; lastKnownFileType = sourcecode.swift; path = "UIView+Ext.swift"; sourceTree = "<group>"; };
		D4682A04215579260067FE27 /* ARLandmark.swift */ = {isa = PBXFileReference; lastKnownFileType = sourcecode.swift; path = ARLandmark.swift; sourceTree = "<group>"; };
		D4682A06215579D90067FE27 /* OverlappingARLandmarkStrategy.swift */ = {isa = PBXFileReference; lastKnownFileType = sourcecode.swift; path = OverlappingARLandmarkStrategy.swift; sourceTree = "<group>"; };
		D4682A0821557C490067FE27 /* ARLandmarker.swift */ = {isa = PBXFileReference; lastKnownFileType = sourcecode.swift; path = ARLandmarker.swift; sourceTree = "<group>"; };
		D4682A0A215583310067FE27 /* InteractiveScene.swift */ = {isa = PBXFileReference; lastKnownFileType = sourcecode.swift; path = InteractiveScene.swift; sourceTree = "<group>"; };
		D4682A0C21559A9A0067FE27 /* CGRect+Ext.swift */ = {isa = PBXFileReference; lastKnownFileType = sourcecode.swift; path = "CGRect+Ext.swift"; sourceTree = "<group>"; };
		D4682A0E21559AF20067FE27 /* SetMerger.swift */ = {isa = PBXFileReference; lastKnownFileType = sourcecode.swift; path = SetMerger.swift; sourceTree = "<group>"; };
		D4682A102155AD380067FE27 /* Matrix.swift */ = {isa = PBXFileReference; lastKnownFileType = sourcecode.swift; path = Matrix.swift; sourceTree = "<group>"; };
		D46EBA5F215AA966003D20FC /* ARLandmarkerDelegateTests.swift */ = {isa = PBXFileReference; lastKnownFileType = sourcecode.swift; path = ARLandmarkerDelegateTests.swift; sourceTree = "<group>"; };
/* End PBXFileReference section */

/* Begin PBXFrameworksBuildPhase section */
		D46829E3215548AF0067FE27 /* Frameworks */ = {
			isa = PBXFrameworksBuildPhase;
			buildActionMask = 2147483647;
			files = (
			);
			runOnlyForDeploymentPostprocessing = 0;
		};
		D46829EC215548AF0067FE27 /* Frameworks */ = {
			isa = PBXFrameworksBuildPhase;
			buildActionMask = 2147483647;
			files = (
				D46829F0215548AF0067FE27 /* ARCoreLocation.framework in Frameworks */,
			);
			runOnlyForDeploymentPostprocessing = 0;
		};
/* End PBXFrameworksBuildPhase section */

/* Begin PBXGroup section */
		D423F237215961FD006C6817 /* Extensions */ = {
			isa = PBXGroup;
			children = (
				D4682A02215579040067FE27 /* UIView+Ext.swift */,
				D4682A0C21559A9A0067FE27 /* CGRect+Ext.swift */,
			);
			path = Extensions;
			sourceTree = "<group>";
		};
		D423F23821596219006C6817 /* Utility */ = {
			isa = PBXGroup;
			children = (
				D4682A0E21559AF20067FE27 /* SetMerger.swift */,
				D4682A102155AD380067FE27 /* Matrix.swift */,
			);
			path = Utility;
			sourceTree = "<group>";
		};
		D423F23B2159625F006C6817 /* UtilityTests */ = {
			isa = PBXGroup;
			children = (
				D423F23921596259006C6817 /* SetMergerTests.swift */,
				D423F23D215968D7006C6817 /* MatrixTests.swift */,
			);
			path = UtilityTests;
			sourceTree = "<group>";
		};
		D46829DC215548AF0067FE27 = {
			isa = PBXGroup;
			children = (
				D46829E8215548AF0067FE27 /* ARCoreLocation */,
				D46829F3215548AF0067FE27 /* ARCoreLocationTests */,
				D46829E7215548AF0067FE27 /* Products */,
			);
			sourceTree = "<group>";
		};
		D46829E7215548AF0067FE27 /* Products */ = {
			isa = PBXGroup;
			children = (
				D46829E6215548AF0067FE27 /* ARCoreLocation.framework */,
				D46829EF215548AF0067FE27 /* ARCoreLocationTests.xctest */,
			);
			name = Products;
			sourceTree = "<group>";
		};
		D46829E8215548AF0067FE27 /* ARCoreLocation */ = {
			isa = PBXGroup;
			children = (
				D423F237215961FD006C6817 /* Extensions */,
				D423F23821596219006C6817 /* Utility */,
				D46829E9215548AF0067FE27 /* ARCoreLocation.h */,
				D46829EA215548AF0067FE27 /* Info.plist */,
				D4682A00215560940067FE27 /* ARLandmarkDisplayer.swift */,
				D4682A04215579260067FE27 /* ARLandmark.swift */,
				D4682A06215579D90067FE27 /* OverlappingARLandmarkStrategy.swift */,
				D4682A0821557C490067FE27 /* ARLandmarker.swift */,
				D4682A0A215583310067FE27 /* InteractiveScene.swift */,
			);
			path = ARCoreLocation;
			sourceTree = "<group>";
		};
		D46829F3215548AF0067FE27 /* ARCoreLocationTests */ = {
			isa = PBXGroup;
			children = (
				D46829F6215548AF0067FE27 /* Info.plist */,
				D423F23B2159625F006C6817 /* UtilityTests */,
				D423F24021598A4F006C6817 /* InteractiveSceneTests.swift */,
				D423F2452159979D006C6817 /* ARLandmarkerLandmarkTests.swift */,
				D46EBA5F215AA966003D20FC /* ARLandmarkerDelegateTests.swift */,
			);
			path = ARCoreLocationTests;
			sourceTree = "<group>";
		};
/* End PBXGroup section */

/* Begin PBXHeadersBuildPhase section */
		D46829E1215548AF0067FE27 /* Headers */ = {
			isa = PBXHeadersBuildPhase;
			buildActionMask = 2147483647;
			files = (
				D46829F7215548AF0067FE27 /* ARCoreLocation.h in Headers */,
			);
			runOnlyForDeploymentPostprocessing = 0;
		};
/* End PBXHeadersBuildPhase section */

/* Begin PBXNativeTarget section */
		D46829E5215548AF0067FE27 /* ARCoreLocation */ = {
			isa = PBXNativeTarget;
			buildConfigurationList = D46829FA215548AF0067FE27 /* Build configuration list for PBXNativeTarget "ARCoreLocation" */;
			buildPhases = (
				D46829E1215548AF0067FE27 /* Headers */,
				D46829E2215548AF0067FE27 /* Sources */,
				D46829E3215548AF0067FE27 /* Frameworks */,
				D46829E4215548AF0067FE27 /* Resources */,
			);
			buildRules = (
			);
			dependencies = (
			);
			name = ARCoreLocation;
			productName = ARCoreLocation;
			productReference = D46829E6215548AF0067FE27 /* ARCoreLocation.framework */;
			productType = "com.apple.product-type.framework";
		};
		D46829EE215548AF0067FE27 /* ARCoreLocationTests */ = {
			isa = PBXNativeTarget;
			buildConfigurationList = D46829FD215548AF0067FE27 /* Build configuration list for PBXNativeTarget "ARCoreLocationTests" */;
			buildPhases = (
				D46829EB215548AF0067FE27 /* Sources */,
				D46829EC215548AF0067FE27 /* Frameworks */,
				D46829ED215548AF0067FE27 /* Resources */,
			);
			buildRules = (
			);
			dependencies = (
				D46829F2215548AF0067FE27 /* PBXTargetDependency */,
			);
			name = ARCoreLocationTests;
			productName = ARCoreLocationTests;
			productReference = D46829EF215548AF0067FE27 /* ARCoreLocationTests.xctest */;
			productType = "com.apple.product-type.bundle.unit-test";
		};
/* End PBXNativeTarget section */

/* Begin PBXProject section */
		D46829DD215548AF0067FE27 /* Project object */ = {
			isa = PBXProject;
			attributes = {
				LastSwiftUpdateCheck = 1000;
				LastUpgradeCheck = 1000;
				ORGANIZATIONNAME = "Skyler Smith";
				TargetAttributes = {
					D46829E5215548AF0067FE27 = {
						CreatedOnToolsVersion = 10.0;
						LastSwiftMigration = 1000;
					};
					D46829EE215548AF0067FE27 = {
						CreatedOnToolsVersion = 10.0;
					};
				};
			};
			buildConfigurationList = D46829E0215548AF0067FE27 /* Build configuration list for PBXProject "ARCoreLocation" */;
			compatibilityVersion = "Xcode 9.3";
			developmentRegion = en;
			hasScannedForEncodings = 0;
			knownRegions = (
				en,
			);
			mainGroup = D46829DC215548AF0067FE27;
			productRefGroup = D46829E7215548AF0067FE27 /* Products */;
			projectDirPath = "";
			projectRoot = "";
			targets = (
				D46829E5215548AF0067FE27 /* ARCoreLocation */,
				D46829EE215548AF0067FE27 /* ARCoreLocationTests */,
			);
		};
/* End PBXProject section */

/* Begin PBXResourcesBuildPhase section */
		D46829E4215548AF0067FE27 /* Resources */ = {
			isa = PBXResourcesBuildPhase;
			buildActionMask = 2147483647;
			files = (
			);
			runOnlyForDeploymentPostprocessing = 0;
		};
		D46829ED215548AF0067FE27 /* Resources */ = {
			isa = PBXResourcesBuildPhase;
			buildActionMask = 2147483647;
			files = (
			);
			runOnlyForDeploymentPostprocessing = 0;
		};
/* End PBXResourcesBuildPhase section */

/* Begin PBXSourcesBuildPhase section */
		D46829E2215548AF0067FE27 /* Sources */ = {
			isa = PBXSourcesBuildPhase;
			buildActionMask = 2147483647;
			files = (
				D4682A0F21559AF20067FE27 /* SetMerger.swift in Sources */,
				D4682A0D21559A9A0067FE27 /* CGRect+Ext.swift in Sources */,
				D4682A112155AD380067FE27 /* Matrix.swift in Sources */,
				D4682A05215579260067FE27 /* ARLandmark.swift in Sources */,
				D4682A0B215583310067FE27 /* InteractiveScene.swift in Sources */,
				D4682A0921557C490067FE27 /* ARLandmarker.swift in Sources */,
				D4682A07215579D90067FE27 /* OverlappingARLandmarkStrategy.swift in Sources */,
				D4682A03215579040067FE27 /* UIView+Ext.swift in Sources */,
				D4682A01215560940067FE27 /* ARLandmarkDisplayer.swift in Sources */,
			);
			runOnlyForDeploymentPostprocessing = 0;
		};
		D46829EB215548AF0067FE27 /* Sources */ = {
			isa = PBXSourcesBuildPhase;
			buildActionMask = 2147483647;
			files = (
				D423F24421598AC1006C6817 /* CGRect+Ext.swift in Sources */,
				D423F247215997B2006C6817 /* ARLandmarker.swift in Sources */,
				D423F249215997E7006C6817 /* ARLandmark.swift in Sources */,
				D423F248215997C7006C6817 /* ARLandmarkDisplayer.swift in Sources */,
				D423F24321598ABF006C6817 /* UIView+Ext.swift in Sources */,
				D423F24A215997F0006C6817 /* OverlappingARLandmarkStrategy.swift in Sources */,
				D423F23E215968D7006C6817 /* MatrixTests.swift in Sources */,
				D423F23F215969EE006C6817 /* Matrix.swift in Sources */,
				D423F23A21596259006C6817 /* SetMergerTests.swift in Sources */,
				D423F2462159979D006C6817 /* ARLandmarkerLandmarkTests.swift in Sources */,
				D423F24121598A4F006C6817 /* InteractiveSceneTests.swift in Sources */,
				D423F24221598A63006C6817 /* InteractiveScene.swift in Sources */,
				D46EBA60215AA966003D20FC /* ARLandmarkerDelegateTests.swift in Sources */,
				D423F23C215962A0006C6817 /* SetMerger.swift in Sources */,
			);
			runOnlyForDeploymentPostprocessing = 0;
		};
/* End PBXSourcesBuildPhase section */

/* Begin PBXTargetDependency section */
		D46829F2215548AF0067FE27 /* PBXTargetDependency */ = {
			isa = PBXTargetDependency;
			target = D46829E5215548AF0067FE27 /* ARCoreLocation */;
			targetProxy = D46829F1215548AF0067FE27 /* PBXContainerItemProxy */;
		};
/* End PBXTargetDependency section */

/* Begin XCBuildConfiguration section */
		D46829F8215548AF0067FE27 /* Debug */ = {
			isa = XCBuildConfiguration;
			buildSettings = {
				ALWAYS_SEARCH_USER_PATHS = NO;
				CLANG_ANALYZER_NONNULL = YES;
				CLANG_ANALYZER_NUMBER_OBJECT_CONVERSION = YES_AGGRESSIVE;
				CLANG_CXX_LANGUAGE_STANDARD = "gnu++14";
				CLANG_CXX_LIBRARY = "libc++";
				CLANG_ENABLE_MODULES = YES;
				CLANG_ENABLE_OBJC_ARC = YES;
				CLANG_ENABLE_OBJC_WEAK = YES;
				CLANG_WARN_BLOCK_CAPTURE_AUTORELEASING = YES;
				CLANG_WARN_BOOL_CONVERSION = YES;
				CLANG_WARN_COMMA = YES;
				CLANG_WARN_CONSTANT_CONVERSION = YES;
				CLANG_WARN_DEPRECATED_OBJC_IMPLEMENTATIONS = YES;
				CLANG_WARN_DIRECT_OBJC_ISA_USAGE = YES_ERROR;
				CLANG_WARN_DOCUMENTATION_COMMENTS = YES;
				CLANG_WARN_EMPTY_BODY = YES;
				CLANG_WARN_ENUM_CONVERSION = YES;
				CLANG_WARN_INFINITE_RECURSION = YES;
				CLANG_WARN_INT_CONVERSION = YES;
				CLANG_WARN_NON_LITERAL_NULL_CONVERSION = YES;
				CLANG_WARN_OBJC_IMPLICIT_RETAIN_SELF = YES;
				CLANG_WARN_OBJC_LITERAL_CONVERSION = YES;
				CLANG_WARN_OBJC_ROOT_CLASS = YES_ERROR;
				CLANG_WARN_RANGE_LOOP_ANALYSIS = YES;
				CLANG_WARN_STRICT_PROTOTYPES = YES;
				CLANG_WARN_SUSPICIOUS_MOVE = YES;
				CLANG_WARN_UNGUARDED_AVAILABILITY = YES_AGGRESSIVE;
				CLANG_WARN_UNREACHABLE_CODE = YES;
				CLANG_WARN__DUPLICATE_METHOD_MATCH = YES;
				CODE_SIGN_IDENTITY = "iPhone Developer";
				COPY_PHASE_STRIP = NO;
				CURRENT_PROJECT_VERSION = 1;
				DEBUG_INFORMATION_FORMAT = dwarf;
				ENABLE_STRICT_OBJC_MSGSEND = YES;
				ENABLE_TESTABILITY = YES;
				GCC_C_LANGUAGE_STANDARD = gnu11;
				GCC_DYNAMIC_NO_PIC = NO;
				GCC_NO_COMMON_BLOCKS = YES;
				GCC_OPTIMIZATION_LEVEL = 0;
				GCC_PREPROCESSOR_DEFINITIONS = (
					"DEBUG=1",
					"$(inherited)",
				);
				GCC_WARN_64_TO_32_BIT_CONVERSION = YES;
				GCC_WARN_ABOUT_RETURN_TYPE = YES_ERROR;
				GCC_WARN_UNDECLARED_SELECTOR = YES;
				GCC_WARN_UNINITIALIZED_AUTOS = YES_AGGRESSIVE;
				GCC_WARN_UNUSED_FUNCTION = YES;
				GCC_WARN_UNUSED_VARIABLE = YES;
				IPHONEOS_DEPLOYMENT_TARGET = 12.0;
				MTL_ENABLE_DEBUG_INFO = INCLUDE_SOURCE;
				MTL_FAST_MATH = YES;
				ONLY_ACTIVE_ARCH = YES;
				SDKROOT = iphoneos;
				SWIFT_ACTIVE_COMPILATION_CONDITIONS = DEBUG;
				SWIFT_OPTIMIZATION_LEVEL = "-Onone";
				VERSIONING_SYSTEM = "apple-generic";
				VERSION_INFO_PREFIX = "";
			};
			name = Debug;
		};
		D46829F9215548AF0067FE27 /* Release */ = {
			isa = XCBuildConfiguration;
			buildSettings = {
				ALWAYS_SEARCH_USER_PATHS = NO;
				CLANG_ANALYZER_NONNULL = YES;
				CLANG_ANALYZER_NUMBER_OBJECT_CONVERSION = YES_AGGRESSIVE;
				CLANG_CXX_LANGUAGE_STANDARD = "gnu++14";
				CLANG_CXX_LIBRARY = "libc++";
				CLANG_ENABLE_MODULES = YES;
				CLANG_ENABLE_OBJC_ARC = YES;
				CLANG_ENABLE_OBJC_WEAK = YES;
				CLANG_WARN_BLOCK_CAPTURE_AUTORELEASING = YES;
				CLANG_WARN_BOOL_CONVERSION = YES;
				CLANG_WARN_COMMA = YES;
				CLANG_WARN_CONSTANT_CONVERSION = YES;
				CLANG_WARN_DEPRECATED_OBJC_IMPLEMENTATIONS = YES;
				CLANG_WARN_DIRECT_OBJC_ISA_USAGE = YES_ERROR;
				CLANG_WARN_DOCUMENTATION_COMMENTS = YES;
				CLANG_WARN_EMPTY_BODY = YES;
				CLANG_WARN_ENUM_CONVERSION = YES;
				CLANG_WARN_INFINITE_RECURSION = YES;
				CLANG_WARN_INT_CONVERSION = YES;
				CLANG_WARN_NON_LITERAL_NULL_CONVERSION = YES;
				CLANG_WARN_OBJC_IMPLICIT_RETAIN_SELF = YES;
				CLANG_WARN_OBJC_LITERAL_CONVERSION = YES;
				CLANG_WARN_OBJC_ROOT_CLASS = YES_ERROR;
				CLANG_WARN_RANGE_LOOP_ANALYSIS = YES;
				CLANG_WARN_STRICT_PROTOTYPES = YES;
				CLANG_WARN_SUSPICIOUS_MOVE = YES;
				CLANG_WARN_UNGUARDED_AVAILABILITY = YES_AGGRESSIVE;
				CLANG_WARN_UNREACHABLE_CODE = YES;
				CLANG_WARN__DUPLICATE_METHOD_MATCH = YES;
				CODE_SIGN_IDENTITY = "iPhone Developer";
				COPY_PHASE_STRIP = NO;
				CURRENT_PROJECT_VERSION = 1;
				DEBUG_INFORMATION_FORMAT = "dwarf-with-dsym";
				ENABLE_NS_ASSERTIONS = NO;
				ENABLE_STRICT_OBJC_MSGSEND = YES;
				GCC_C_LANGUAGE_STANDARD = gnu11;
				GCC_NO_COMMON_BLOCKS = YES;
				GCC_WARN_64_TO_32_BIT_CONVERSION = YES;
				GCC_WARN_ABOUT_RETURN_TYPE = YES_ERROR;
				GCC_WARN_UNDECLARED_SELECTOR = YES;
				GCC_WARN_UNINITIALIZED_AUTOS = YES_AGGRESSIVE;
				GCC_WARN_UNUSED_FUNCTION = YES;
				GCC_WARN_UNUSED_VARIABLE = YES;
				IPHONEOS_DEPLOYMENT_TARGET = 12.0;
				MTL_ENABLE_DEBUG_INFO = NO;
				MTL_FAST_MATH = YES;
				SDKROOT = iphoneos;
				SWIFT_COMPILATION_MODE = wholemodule;
				SWIFT_OPTIMIZATION_LEVEL = "-O";
				VALIDATE_PRODUCT = YES;
				VERSIONING_SYSTEM = "apple-generic";
				VERSION_INFO_PREFIX = "";
			};
			name = Release;
		};
		D46829FB215548AF0067FE27 /* Debug */ = {
			isa = XCBuildConfiguration;
			buildSettings = {
				CLANG_ENABLE_MODULES = YES;
				CODE_SIGN_IDENTITY = "";
				CODE_SIGN_STYLE = Automatic;
				DEFINES_MODULE = YES;
				DEVELOPMENT_TEAM = TCH45SXZ69;
				DYLIB_COMPATIBILITY_VERSION = 1;
				DYLIB_CURRENT_VERSION = 1;
				DYLIB_INSTALL_NAME_BASE = "@rpath";
				INFOPLIST_FILE = ARCoreLocation/Info.plist;
				INSTALL_PATH = "$(LOCAL_LIBRARY_DIR)/Frameworks";
				LD_RUNPATH_SEARCH_PATHS = (
					"$(inherited)",
					"@executable_path/Frameworks",
					"@loader_path/Frameworks",
				);
				PRODUCT_BUNDLE_IDENTIFIER = io.freshworks.ARCoreLocation;
				PRODUCT_NAME = "$(TARGET_NAME:c99extidentifier)";
				SKIP_INSTALL = YES;
				SWIFT_OPTIMIZATION_LEVEL = "-Onone";
				SWIFT_VERSION = 4.2;
				TARGETED_DEVICE_FAMILY = "1,2";
			};
			name = Debug;
		};
		D46829FC215548AF0067FE27 /* Release */ = {
			isa = XCBuildConfiguration;
			buildSettings = {
				CLANG_ENABLE_MODULES = YES;
				CODE_SIGN_IDENTITY = "";
				CODE_SIGN_STYLE = Automatic;
				DEFINES_MODULE = YES;
				DEVELOPMENT_TEAM = TCH45SXZ69;
				DYLIB_COMPATIBILITY_VERSION = 1;
				DYLIB_CURRENT_VERSION = 1;
				DYLIB_INSTALL_NAME_BASE = "@rpath";
				INFOPLIST_FILE = ARCoreLocation/Info.plist;
				INSTALL_PATH = "$(LOCAL_LIBRARY_DIR)/Frameworks";
				LD_RUNPATH_SEARCH_PATHS = (
					"$(inherited)",
					"@executable_path/Frameworks",
					"@loader_path/Frameworks",
				);
				PRODUCT_BUNDLE_IDENTIFIER = io.freshworks.ARCoreLocation;
				PRODUCT_NAME = "$(TARGET_NAME:c99extidentifier)";
				SKIP_INSTALL = YES;
				SWIFT_VERSION = 4.2;
				TARGETED_DEVICE_FAMILY = "1,2";
			};
			name = Release;
		};
		D46829FE215548AF0067FE27 /* Debug */ = {
			isa = XCBuildConfiguration;
			buildSettings = {
				ALWAYS_EMBED_SWIFT_STANDARD_LIBRARIES = YES;
				CODE_SIGN_STYLE = Automatic;
				DEVELOPMENT_TEAM = TCH45SXZ69;
				INFOPLIST_FILE = ARCoreLocationTests/Info.plist;
				LD_RUNPATH_SEARCH_PATHS = (
					"$(inherited)",
					"@executable_path/Frameworks",
					"@loader_path/Frameworks",
				);
				PRODUCT_BUNDLE_IDENTIFIER = io.freshworks.ARCoreLocationTests;
				PRODUCT_NAME = "$(TARGET_NAME)";
				SWIFT_VERSION = 4.2;
				TARGETED_DEVICE_FAMILY = "1,2";
			};
			name = Debug;
		};
		D46829FF215548AF0067FE27 /* Release */ = {
			isa = XCBuildConfiguration;
			buildSettings = {
				ALWAYS_EMBED_SWIFT_STANDARD_LIBRARIES = YES;
				CODE_SIGN_STYLE = Automatic;
				DEVELOPMENT_TEAM = TCH45SXZ69;
				INFOPLIST_FILE = ARCoreLocationTests/Info.plist;
				LD_RUNPATH_SEARCH_PATHS = (
					"$(inherited)",
					"@executable_path/Frameworks",
					"@loader_path/Frameworks",
				);
				PRODUCT_BUNDLE_IDENTIFIER = io.freshworks.ARCoreLocationTests;
				PRODUCT_NAME = "$(TARGET_NAME)";
				SWIFT_VERSION = 4.2;
				TARGETED_DEVICE_FAMILY = "1,2";
			};
			name = Release;
		};
/* End XCBuildConfiguration section */

/* Begin XCConfigurationList section */
		D46829E0215548AF0067FE27 /* Build configuration list for PBXProject "ARCoreLocation" */ = {
			isa = XCConfigurationList;
			buildConfigurations = (
				D46829F8215548AF0067FE27 /* Debug */,
				D46829F9215548AF0067FE27 /* Release */,
			);
			defaultConfigurationIsVisible = 0;
			defaultConfigurationName = Release;
		};
		D46829FA215548AF0067FE27 /* Build configuration list for PBXNativeTarget "ARCoreLocation" */ = {
			isa = XCConfigurationList;
			buildConfigurations = (
				D46829FB215548AF0067FE27 /* Debug */,
				D46829FC215548AF0067FE27 /* Release */,
			);
			defaultConfigurationIsVisible = 0;
			defaultConfigurationName = Release;
		};
		D46829FD215548AF0067FE27 /* Build configuration list for PBXNativeTarget "ARCoreLocationTests" */ = {
			isa = XCConfigurationList;
			buildConfigurations = (
				D46829FE215548AF0067FE27 /* Debug */,
				D46829FF215548AF0067FE27 /* Release */,
			);
			defaultConfigurationIsVisible = 0;
			defaultConfigurationName = Release;
		};
/* End XCConfigurationList section */
	};
	rootObject = D46829DD215548AF0067FE27 /* Project object */;
}
